{
  "version": 4,
  "terraform_version": "1.7.5",
  "serial": 9,
  "lineage": "405d5091-3843-21fc-aa5e-528042ae510e",
  "outputs": {
    "dataset_id": {
      "value": "de_zoomcamp2",
      "type": "string"
    },
    "dataset_self_link": {
      "value": "https://bigquery.googleapis.com/bigquery/v2/projects/de-zoomcamp-488912/datasets/de_zoomcamp2",
      "type": "string"
    }
  },
  "resources": [
    {
      "mode": "managed",
      "type": "google_bigquery_dataset",
      "name": "main",
      "provider": "provider[\"registry.terraform.io/hashicorp/google\"]",
      "instances": [
        {
          "schema_version": 0,
          "attributes": {
            "access": [
              {
                "condition": [],
                "dataset": [],
                "domain": "",
                "group_by_email": "",
                "iam_member": "",
                "role": "OWNER",
                "routine": [],
                "special_group": "",
                "user_by_email": "terraform-admin@de-zoomcamp-488912.iam.gserviceaccount.com",
                "view": []
              },
              {
                "condition": [],
                "dataset": [],
                "domain": "",
                "group_by_email": "",
                "iam_member": "",
                "role": "OWNER",
                "routine": [],
                "special_group": "projectOwners",
                "user_by_email": "",
                "view": []
              },
              {
                "condition": [],
                "dataset": [],
                "domain": "",
                "group_by_email": "",
                "iam_member": "",
                "role": "READER",
                "routine": [],
                "special_group": "projectReaders",
                "user_by_email": "",
                "view": []
              },
              {
                "condition": [],
                "dataset": [],
                "domain": "",
                "group_by_email": "",
                "iam_member": "",
                "role": "WRITER",
                "routine": [],
                "special_group": "projectWriters",
                "user_by_email": "",
                "view": []
              }
            ],
            "creation_time": 1774177124428,
            "dataset_id": "de_zoomcamp2",
            "default_collation": "",
            "default_encryption_configuration": [],
            "default_partition_expiration_ms": 0,
            "default_table_expiration_ms": 0,
            "delete_contents_on_destroy": false,
            "description": "Dataset for DE Zoomcamp project",
            "effective_labels": {
              "goog-terraform-provisioned": "true"
            },
            "etag": "MNKWfb0bAGqeAkvIS5gNog==",
            "external_catalog_dataset_options": [],
            "external_dataset_reference": [],
            "friendly_name": "",
            "id": "projects/de-zoomcamp-488912/datasets/de_zoomcamp2",
            "is_case_insensitive": false,
            "labels": null,
            "last_modified_time": 1774177124428,
            "location": "us-central1",
            "max_time_travel_hours": "168",
            "project": "de-zoomcamp-488912",
            "resource_tags": null,
            "self_link": "https://bigquery.googleapis.com/bigquery/v2/projects/de-zoomcamp-488912/datasets/de_zoomcamp2",
            "storage_billing_model": "",
            "terraform_labels": {
              "goog-terraform-provisioned": "true"
            },
            "timeouts": null
          },
          "sensitive_attributes": [],
          "private": "eyJlMmJmYjczMC1lY2FhLTExZTYtOGY4OC0zNDM2M2JjN2M0YzAiOnsiY3JlYXRlIjoxMjAwMDAwMDAwMDAwLCJkZWxldGUiOjEyMDAwMDAwMDAwMDAsInVwZGF0ZSI6MTIwMDAwMDAwMDAwMH19"
        }
      ]
    }
  ],
  "check_results": null
}
